{
  "name": "vanilla-generators-app",
  "version": "1.0.0",
  "lockfileVersion": 1,
  "requires": true,
  "dependencies": {
    "@types/estree": {
      "version": "0.0.39",
      "resolved": "https://martifactory.io/api/npm/virtual-npm/@types/estree/-/estree-0.0.39.tgz",
      "integrity": "sha1-4Xfmme4bjCLSMXTKqnQiZEOJUJ8="
    },
    "@types/node": {
      "version": "10.5.7",
      "resolved": "https://martifactory.io/api/npm/virtual-npm/@types/node/-/node-10.5.7.tgz",
      "integrity": "sha1-lg2f6zreIjO8yYQ8kY10C094p88="
    },
    "ejs": {
      "version": "2.6.1",
      "resolved": "https://martifactory.io/api/npm/virtual-npm/ejs/-/ejs-2.6.1.tgz",
      "integrity": "sha1-SY7A1JVlWrxvI81hho2SZGQHGqA=",
      "dev": true
    },
    "rollup": {
      "version": "0.64.1",
      "resolved": "https://martifactory.io/api/npm/virtual-npm/rollup/-/rollup-0.64.1.tgz",
      "integrity": "sha1-kYjuNo5fzUP/vADsQU5y7rXeh7o=",
      "requires": {
        "@types/estree": "0.0.39",
        "@types/node": "*"
      }
    }
  }
}
